
Microsoft Visual Studio Solution File, Format Version 12.00
# Visual Studio Version 16
VisualStudioVersion = 16.0.30907.101
MinimumVisualStudioVersion = 10.0.40219.1
Project("{FAE04EC0-301F-11D3-BF4B-00C04F79EFBC}") = "RigistrationLoginAss8feb", "RigistrationLoginAss8feb\RigistrationLoginAss8feb.csproj", "{908BF6B1-7FEB-4723-B03D-0DD40A92AB99}"
EndProject
Global
	GlobalSection(SolutionConfigurationPlatforms) = preSolution
		Debug|Any CPU = Debug|Any CPU
		Release|Any CPU = Release|Any CPU
	EndGlobalSection
	GlobalSection(ProjectConfigurationPlatforms) = postSolution
		{908BF6B1-7FEB-4723-B03D-0DD40A92AB99}.Debug|Any CPU.ActiveCfg = Debug|Any CPU
		{908BF6B1-7FEB-4723-B03D-0DD40A92AB99}.Debug|Any CPU.Build.0 = Debug|Any CPU
		{908BF6B1-7FEB-4723-B03D-0DD40A92AB99}.Release|Any CPU.ActiveCfg = Release|Any CPU
		{908BF6B1-7FEB-4723-B03D-0DD40A92AB99}.Release|Any CPU.Build.0 = Release|Any CPU
	EndGlobalSection
	GlobalSection(SolutionProperties) = preSolution
		HideSolutionNode = FALSE
	EndGlobalSection
	GlobalSection(ExtensibilityGlobals) = postSolution
		SolutionGuid = {FBC14ACB-09AC-481D-B9BA-E6D4B5312C89}
	EndGlobalSection
EndGlobal
